// !$*UTF8*$!
{
	archiveVersion = 1;
	classes = {
	};
	objectVersion = 50;
	objects = {

/* Begin PBXBuildFile section */
		F56604EE259D617C00D15D6B /* League_ESportsApp.swift in Sources */ = {isa = PBXBuildFile; fileRef = F56604ED259D617C00D15D6B /* League_ESportsApp.swift */; };
		F56604F0259D617C00D15D6B /* ContentView.swift in Sources */ = {isa = PBXBuildFile; fileRef = F56604EF259D617C00D15D6B /* ContentView.swift */; };
		F56604F2259D617D00D15D6B /* Assets.xcassets in Resources */ = {isa = PBXBuildFile; fileRef = F56604F1259D617D00D15D6B /* Assets.xcassets */; };
		F56604F5259D617D00D15D6B /* Preview Assets.xcassets in Resources */ = {isa = PBXBuildFile; fileRef = F56604F4259D617D00D15D6B /* Preview Assets.xcassets */; };
		F5660500259D617E00D15D6B /* League_ESportsTests.swift in Sources */ = {isa = PBXBuildFile; fileRef = F56604FF259D617E00D15D6B /* League_ESportsTests.swift */; };
		F566050B259D617E00D15D6B /* League_ESportsUITests.swift in Sources */ = {isa = PBXBuildFile; fileRef = F566050A259D617E00D15D6B /* League_ESportsUITests.swift */; };
		F566051C259D65ED00D15D6B /* Data.swift in Sources */ = {isa = PBXBuildFile; fileRef = F566051B259D65ED00D15D6B /* Data.swift */; };
		F5660521259D9D9200D15D6B /* ChampList.swift in Sources */ = {isa = PBXBuildFile; fileRef = F5660520259D9D9200D15D6B /* ChampList.swift */; };
/* End PBXBuildFile section */

/* Begin PBXContainerItemProxy section */
		F56604FC259D617E00D15D6B /* PBXContainerItemProxy */ = {
			isa = PBXContainerItemProxy;
			containerPortal = F56604E2259D617B00D15D6B /* Project object */;
			proxyType = 1;
			remoteGlobalIDString = F56604E9259D617C00D15D6B;
			remoteInfo = "League ESports";
		};
		F5660507259D617E00D15D6B /* PBXContainerItemProxy */ = {
			isa = PBXContainerItemProxy;
			containerPortal = F56604E2259D617B00D15D6B /* Project object */;
			proxyType = 1;
			remoteGlobalIDString = F56604E9259D617C00D15D6B;
			remoteInfo = "League ESports";
		};
/* End PBXContainerItemProxy section */

/* Begin PBXFileReference section */
		F56604EA259D617C00D15D6B /* League ESports.app */ = {isa = PBXFileReference; explicitFileType = wrapper.application; includeInIndex = 0; path = "League ESports.app"; sourceTree = BUILT_PRODUCTS_DIR; };
		F56604ED259D617C00D15D6B /* League_ESportsApp.swift */ = {isa = PBXFileReference; lastKnownFileType = sourcecode.swift; path = League_ESportsApp.swift; sourceTree = "<group>"; };
		F56604EF259D617C00D15D6B /* ContentView.swift */ = {isa = PBXFileReference; lastKnownFileType = sourcecode.swift; path = ContentView.swift; sourceTree = "<group>"; };
		F56604F1259D617D00D15D6B /* Assets.xcassets */ = {isa = PBXFileReference; lastKnownFileType = folder.assetcatalog; path = Assets.xcassets; sourceTree = "<group>"; };
		F56604F4259D617D00D15D6B /* Preview Assets.xcassets */ = {isa = PBXFileReference; lastKnownFileType = folder.assetcatalog; path = "Preview Assets.xcassets"; sourceTree = "<group>"; };
		F56604F6259D617D00D15D6B /* Info.plist */ = {isa = PBXFileReference; lastKnownFileType = text.plist.xml; path = Info.plist; sourceTree = "<group>"; };
		F56604FB259D617E00D15D6B /* League ESportsTests.xctest */ = {isa = PBXFileReference; explicitFileType = wrapper.cfbundle; includeInIndex = 0; path = "League ESportsTests.xctest"; sourceTree = BUILT_PRODUCTS_DIR; };
		F56604FF259D617E00D15D6B /* League_ESportsTests.swift */ = {isa = PBXFileReference; lastKnownFileType = sourcecode.swift; path = League_ESportsTests.swift; sourceTree = "<group>"; };
		F5660501259D617E00D15D6B /* Info.plist */ = {isa = PBXFileReference; lastKnownFileType = text.plist.xml; path = Info.plist; sourceTree = "<group>"; };
		F5660506259D617E00D15D6B /* League ESportsUITests.xctest */ = {isa = PBXFileReference; explicitFileType = wrapper.cfbundle; includeInIndex = 0; path = "League ESportsUITests.xctest"; sourceTree = BUILT_PRODUCTS_DIR; };
		F566050A259D617E00D15D6B /* League_ESportsUITests.swift */ = {isa = PBXFileReference; lastKnownFileType = sourcecode.swift; path = League_ESportsUITests.swift; sourceTree = "<group>"; };
		F566050C259D617E00D15D6B /* Info.plist */ = {isa = PBXFileReference; lastKnownFileType = text.plist.xml; path = Info.plist; sourceTree = "<group>"; };
		F566051B259D65ED00D15D6B /* Data.swift */ = {isa = PBXFileReference; lastKnownFileType = sourcecode.swift; path = Data.swift; sourceTree = "<group>"; };
		F5660520259D9D9200D15D6B /* ChampList.swift */ = {isa = PBXFileReference; lastKnownFileType = sourcecode.swift; path = ChampList.swift; sourceTree = "<group>"; };
/* End PBXFileReference section */

/* Begin PBXFrameworksBuildPhase section */
		F56604E7259D617C00D15D6B /* Frameworks */ = {
			isa = PBXFrameworksBuildPhase;
			buildActionMask = 2147483647;
			files = (
			);
			runOnlyForDeploymentPostprocessing = 0;
		};
		F56604F8259D617E00D15D6B /* Frameworks */ = {
			isa = PBXFrameworksBuildPhase;
			buildActionMask = 2147483647;
			files = (
			);
			runOnlyForDeploymentPostprocessing = 0;
		};
		F5660503259D617E00D15D6B /* Frameworks */ = {
			isa = PBXFrameworksBuildPhase;
			buildActionMask = 2147483647;
			files = (
			);
			runOnlyForDeploymentPostprocessing = 0;
		};
/* End PBXFrameworksBuildPhase section */

/* Begin PBXGroup section */
		F56604E1259D617B00D15D6B = {
			isa = PBXGroup;
			children = (
				F56604EC259D617C00D15D6B /* League ESports */,
				F56604FE259D617E00D15D6B /* League ESportsTests */,
				F5660509259D617E00D15D6B /* League ESportsUITests */,
				F56604EB259D617C00D15D6B /* Products */,
			);
			sourceTree = "<group>";
		};
		F56604EB259D617C00D15D6B /* Products */ = {
			isa = PBXGroup;
			children = (
				F56604EA259D617C00D15D6B /* League ESports.app */,
				F56604FB259D617E00D15D6B /* League ESportsTests.xctest */,
				F5660506259D617E00D15D6B /* League ESportsUITests.xctest */,
			);
			name = Products;
			sourceTree = "<group>";
		};
		F56604EC259D617C00D15D6B /* League ESports */ = {
			isa = PBXGroup;
			children = (
				F56604ED259D617C00D15D6B /* League_ESportsApp.swift */,
				F56604EF259D617C00D15D6B /* ContentView.swift */,
				F566051B259D65ED00D15D6B /* Data.swift */,
				F5660520259D9D9200D15D6B /* ChampList.swift */,
				F56604F1259D617D00D15D6B /* Assets.xcassets */,
				F56604F6259D617D00D15D6B /* Info.plist */,
				F56604F3259D617D00D15D6B /* Preview Content */,
			);
			path = "League ESports";
			sourceTree = "<group>";
		};
		F56604F3259D617D00D15D6B /* Preview Content */ = {
			isa = PBXGroup;
			children = (
				F56604F4259D617D00D15D6B /* Preview Assets.xcassets */,
			);
			path = "Preview Content";
			sourceTree = "<group>";
		};
		F56604FE259D617E00D15D6B /* League ESportsTests */ = {
			isa = PBXGroup;
			children = (
				F56604FF259D617E00D15D6B /* League_ESportsTests.swift */,
				F5660501259D617E00D15D6B /* Info.plist */,
			);
			path = "League ESportsTests";
			sourceTree = "<group>";
		};
		F5660509259D617E00D15D6B /* League ESportsUITests */ = {
			isa = PBXGroup;
			children = (
				F566050A259D617E00D15D6B /* League_ESportsUITests.swift */,
				F566050C259D617E00D15D6B /* Info.plist */,
			);
			path = "League ESportsUITests";
			sourceTree = "<group>";
		};
/* End PBXGroup section */

/* Begin PBXNativeTarget section */
		F56604E9259D617C00D15D6B /* League ESports */ = {
			isa = PBXNativeTarget;
			buildConfigurationList = F566050F259D617E00D15D6B /* Build configuration list for PBXNativeTarget "League ESports" */;
			buildPhases = (
				F56604E6259D617C00D15D6B /* Sources */,
				F56604E7259D617C00D15D6B /* Frameworks */,
				F56604E8259D617C00D15D6B /* Resources */,
			);
			buildRules = (
			);
			dependencies = (
			);
			name = "League ESports";
			productName = "League ESports";
			productReference = F56604EA259D617C00D15D6B /* League ESports.app */;
			productType = "com.apple.product-type.application";
		};
		F56604FA259D617E00D15D6B /* League ESportsTests */ = {
			isa = PBXNativeTarget;
			buildConfigurationList = F5660512259D617E00D15D6B /* Build configuration list for PBXNativeTarget "League ESportsTests" */;
			buildPhases = (
				F56604F7259D617E00D15D6B /* Sources */,
				F56604F8259D617E00D15D6B /* Frameworks */,
				F56604F9259D617E00D15D6B /* Resources */,
			);
			buildRules = (
			);
			dependencies = (
				F56604FD259D617E00D15D6B /* PBXTargetDependency */,
			);
			name = "League ESportsTests";
			productName = "League ESportsTests";
			productReference = F56604FB259D617E00D15D6B /* League ESportsTests.xctest */;
			productType = "com.apple.product-type.bundle.unit-test";
		};
		F5660505259D617E00D15D6B /* League ESportsUITests */ = {
			isa = PBXNativeTarget;
			buildConfigurationList = F5660515259D617E00D15D6B /* Build configuration list for PBXNativeTarget "League ESportsUITests" */;
			buildPhases = (
				F5660502259D617E00D15D6B /* Sources */,
				F5660503259D617E00D15D6B /* Frameworks */,
				F5660504259D617E00D15D6B /* Resources */,
			);
			buildRules = (
			);
			dependencies = (
				F5660508259D617E00D15D6B /* PBXTargetDependency */,
			);
			name = "League ESportsUITests";
			productName = "League ESportsUITests";
			productReference = F5660506259D617E00D15D6B /* League ESportsUITests.xctest */;
			productType = "com.apple.product-type.bundle.ui-testing";
		};
/* End PBXNativeTarget section */

/* Begin PBXProject section */
		F56604E2259D617B00D15D6B /* Project object */ = {
			isa = PBXProject;
			attributes = {
				LastSwiftUpdateCheck = 1230;
				LastUpgradeCheck = 1230;
				TargetAttributes = {
					F56604E9259D617C00D15D6B = {
						CreatedOnToolsVersion = 12.3;
					};
					F56604FA259D617E00D15D6B = {
						CreatedOnToolsVersion = 12.3;
						TestTargetID = F56604E9259D617C00D15D6B;
					};
					F5660505259D617E00D15D6B = {
						CreatedOnToolsVersion = 12.3;
						TestTargetID = F56604E9259D617C00D15D6B;
					};
				};
			};
			buildConfigurationList = F56604E5259D617B00D15D6B /* Build configuration list for PBXProject "League ESports" */;
			compatibilityVersion = "Xcode 9.3";
			developmentRegion = en;
			hasScannedForEncodings = 0;
			knownRegions = (
				en,
				Base,
			);
			mainGroup = F56604E1259D617B00D15D6B;
			productRefGroup = F56604EB259D617C00D15D6B /* Products */;
			projectDirPath = "";
			projectRoot = "";
			targets = (
				F56604E9259D617C00D15D6B /* League ESports */,
				F56604FA259D617E00D15D6B /* League ESportsTests */,
				F5660505259D617E00D15D6B /* League ESportsUITests */,
			);
		};
/* End PBXProject section */

/* Begin PBXResourcesBuildPhase section */
		F56604E8259D617C00D15D6B /* Resources */ = {
			isa = PBXResourcesBuildPhase;
			buildActionMask = 2147483647;
			files = (
				F56604F5259D617D00D15D6B /* Preview Assets.xcassets in Resources */,
				F56604F2259D617D00D15D6B /* Assets.xcassets in Resources */,
			);
			runOnlyForDeploymentPostprocessing = 0;
		};
		F56604F9259D617E00D15D6B /* Resources */ = {
			isa = PBXResourcesBuildPhase;
			buildActionMask = 2147483647;
			files = (
			);
			runOnlyForDeploymentPostprocessing = 0;
		};
		F5660504259D617E00D15D6B /* Resources */ = {
			isa = PBXResourcesBuildPhase;
			buildActionMask = 2147483647;
			files = (
			);
			runOnlyForDeploymentPostprocessing = 0;
		};
/* End PBXResourcesBuildPhase section */

/* Begin PBXSourcesBuildPhase section */
		F56604E6259D617C00D15D6B /* Sources */ = {
			isa = PBXSourcesBuildPhase;
			buildActionMask = 2147483647;
			files = (
				F56604F0259D617C00D15D6B /* ContentView.swift in Sources */,
				F566051C259D65ED00D15D6B /* Data.swift in Sources */,
				F56604EE259D617C00D15D6B /* League_ESportsApp.swift in Sources */,
				F5660521259D9D9200D15D6B /* ChampList.swift in Sources */,
			);
			runOnlyForDeploymentPostprocessing = 0;
		};
		F56604F7259D617E00D15D6B /* Sources */ = {
			isa = PBXSourcesBuildPhase;
			buildActionMask = 2147483647;
			files = (
				F5660500259D617E00D15D6B /* League_ESportsTests.swift in Sources */,
			);
			runOnlyForDeploymentPostprocessing = 0;
		};
		F5660502259D617E00D15D6B /* Sources */ = {
			isa = PBXSourcesBuildPhase;
			buildActionMask = 2147483647;
			files = (
				F566050B259D617E00D15D6B /* League_ESportsUITests.swift in Sources */,
			);
			runOnlyForDeploymentPostprocessing = 0;
		};
/* End PBXSourcesBuildPhase section */

/* Begin PBXTargetDependency section */
		F56604FD259D617E00D15D6B /* PBXTargetDependency */ = {
			isa = PBXTargetDependency;
			target = F56604E9259D617C00D15D6B /* League ESports */;
			targetProxy = F56604FC259D617E00D15D6B /* PBXContainerItemProxy */;
		};
		F5660508259D617E00D15D6B /* PBXTargetDependency */ = {
			isa = PBXTargetDependency;
			target = F56604E9259D617C00D15D6B /* League ESports */;
			targetProxy = F5660507259D617E00D15D6B /* PBXContainerItemProxy */;
		};
/* End PBXTargetDependency section */

/* Begin XCBuildConfiguration section */
		F566050D259D617E00D15D6B /* Debug */ = {
			isa = XCBuildConfiguration;
			buildSettings = {
				ALWAYS_SEARCH_USER_PATHS = NO;
				CLANG_ANALYZER_NONNULL = YES;
				CLANG_ANALYZER_NUMBER_OBJECT_CONVERSION = YES_AGGRESSIVE;
				CLANG_CXX_LANGUAGE_STANDARD = "gnu++14";
				CLANG_CXX_LIBRARY = "libc++";
				CLANG_ENABLE_MODULES = YES;
				CLANG_ENABLE_OBJC_ARC = YES;
				CLANG_ENABLE_OBJC_WEAK = YES;
				CLANG_WARN_BLOCK_CAPTURE_AUTORELEASING = YES;
				CLANG_WARN_BOOL_CONVERSION = YES;
				CLANG_WARN_COMMA = YES;
				CLANG_WARN_CONSTANT_CONVERSION = YES;
				CLANG_WARN_DEPRECATED_OBJC_IMPLEMENTATIONS = YES;
				CLANG_WARN_DIRECT_OBJC_ISA_USAGE = YES_ERROR;
				CLANG_WARN_DOCUMENTATION_COMMENTS = YES;
				CLANG_WARN_EMPTY_BODY = YES;
				CLANG_WARN_ENUM_CONVERSION = YES;
				CLANG_WARN_INFINITE_RECURSION = YES;
				CLANG_WARN_INT_CONVERSION = YES;
				CLANG_WARN_NON_LITERAL_NULL_CONVERSION = YES;
				CLANG_WARN_OBJC_IMPLICIT_RETAIN_SELF = YES;
				CLANG_WARN_OBJC_LITERAL_CONVERSION = YES;
				CLANG_WARN_OBJC_ROOT_CLASS = YES_ERROR;
				CLANG_WARN_QUOTED_INCLUDE_IN_FRAMEWORK_HEADER = YES;
				CLANG_WARN_RANGE_LOOP_ANALYSIS = YES;
				CLANG_WARN_STRICT_PROTOTYPES = YES;
				CLANG_WARN_SUSPICIOUS_MOVE = YES;
				CLANG_WARN_UNGUARDED_AVAILABILITY = YES_AGGRESSIVE;
				CLANG_WARN_UNREACHABLE_CODE = YES;
				CLANG_WARN__DUPLICATE_METHOD_MATCH = YES;
				COPY_PHASE_STRIP = NO;
				DEBUG_INFORMATION_FORMAT = dwarf;
				ENABLE_STRICT_OBJC_MSGSEND = YES;
				ENABLE_TESTABILITY = YES;
				GCC_C_LANGUAGE_STANDARD = gnu11;
				GCC_DYNAMIC_NO_PIC = NO;
				GCC_NO_COMMON_BLOCKS = YES;
				GCC_OPTIMIZATION_LEVEL = 0;
				GCC_PREPROCESSOR_DEFINITIONS = (
					"DEBUG=1",
					"$(inherited)",
				);
				GCC_WARN_64_TO_32_BIT_CONVERSION = YES;
				GCC_WARN_ABOUT_RETURN_TYPE = YES_ERROR;
				GCC_WARN_UNDECLARED_SELECTOR = YES;
				GCC_WARN_UNINITIALIZED_AUTOS = YES_AGGRESSIVE;
				GCC_WARN_UNUSED_FUNCTION = YES;
				GCC_WARN_UNUSED_VARIABLE = YES;
				IPHONEOS_DEPLOYMENT_TARGET = 14.3;
				MTL_ENABLE_DEBUG_INFO = INCLUDE_SOURCE;
				MTL_FAST_MATH = YES;
				ONLY_ACTIVE_ARCH = YES;
				SDKROOT = iphoneos;
				SWIFT_ACTIVE_COMPILATION_CONDITIONS = DEBUG;
				SWIFT_OPTIMIZATION_LEVEL = "-Onone";
			};
			name = Debug;
		};
		F566050E259D617E00D15D6B /* Release */ = {
			isa = XCBuildConfiguration;
			buildSettings = {
				ALWAYS_SEARCH_USER_PATHS = NO;
				CLANG_ANALYZER_NONNULL = YES;
				CLANG_ANALYZER_NUMBER_OBJECT_CONVERSION = YES_AGGRESSIVE;
				CLANG_CXX_LANGUAGE_STANDARD = "gnu++14";
				CLANG_CXX_LIBRARY = "libc++";
				CLANG_ENABLE_MODULES = YES;
				CLANG_ENABLE_OBJC_ARC = YES;
				CLANG_ENABLE_OBJC_WEAK = YES;
				CLANG_WARN_BLOCK_CAPTURE_AUTORELEASING = YES;
				CLANG_WARN_BOOL_CONVERSION = YES;
				CLANG_WARN_COMMA = YES;
				CLANG_WARN_CONSTANT_CONVERSION = YES;
				CLANG_WARN_DEPRECATED_OBJC_IMPLEMENTATIONS = YES;
				CLANG_WARN_DIRECT_OBJC_ISA_USAGE = YES_ERROR;
				CLANG_WARN_DOCUMENTATION_COMMENTS = YES;
				CLANG_WARN_EMPTY_BODY = YES;
				CLANG_WARN_ENUM_CONVERSION = YES;
				CLANG_WARN_INFINITE_RECURSION = YES;
				CLANG_WARN_INT_CONVERSION = YES;
				CLANG_WARN_NON_LITERAL_NULL_CONVERSION = YES;
				CLANG_WARN_OBJC_IMPLICIT_RETAIN_SELF = YES;
				CLANG_WARN_OBJC_LITERAL_CONVERSION = YES;
				CLANG_WARN_OBJC_ROOT_CLASS = YES_ERROR;
				CLANG_WARN_QUOTED_INCLUDE_IN_FRAMEWORK_HEADER = YES;
				CLANG_WARN_RANGE_LOOP_ANALYSIS = YES;
				CLANG_WARN_STRICT_PROTOTYPES = YES;
				CLANG_WARN_SUSPICIOUS_MOVE = YES;
				CLANG_WARN_UNGUARDED_AVAILABILITY = YES_AGGRESSIVE;
				CLANG_WARN_UNREACHABLE_CODE = YES;
				CLANG_WARN__DUPLICATE_METHOD_MATCH = YES;
				COPY_PHASE_STRIP = NO;
				DEBUG_INFORMATION_FORMAT = "dwarf-with-dsym";
				ENABLE_NS_ASSERTIONS = NO;
				ENABLE_STRICT_OBJC_MSGSEND = YES;
				GCC_C_LANGUAGE_STANDARD = gnu11;
				GCC_NO_COMMON_BLOCKS = YES;
				GCC_WARN_64_TO_32_BIT_CONVERSION = YES;
				GCC_WARN_ABOUT_RETURN_TYPE = YES_ERROR;
				GCC_WARN_UNDECLARED_SELECTOR = YES;
				GCC_WARN_UNINITIALIZED_AUTOS = YES_AGGRESSIVE;
				GCC_WARN_UNUSED_FUNCTION = YES;
				GCC_WARN_UNUSED_VARIABLE = YES;
				IPHONEOS_DEPLOYMENT_TARGET = 14.3;
				MTL_ENABLE_DEBUG_INFO = NO;
				MTL_FAST_MATH = YES;
				SDKROOT = iphoneos;
				SWIFT_COMPILATION_MODE = wholemodule;
				SWIFT_OPTIMIZATION_LEVEL = "-O";
				VALIDATE_PRODUCT = YES;
			};
			name = Release;
		};
		F5660510259D617E00D15D6B /* Debug */ = {
			isa = XCBuildConfiguration;
			buildSettings = {
				ASSETCATALOG_COMPILER_APPICON_NAME = AppIcon;
				ASSETCATALOG_COMPILER_GLOBAL_ACCENT_COLOR_NAME = AccentColor;
				CODE_SIGN_STYLE = Automatic;
				DEVELOPMENT_ASSET_PATHS = "\"League ESports/Preview Content\"";
				ENABLE_PREVIEWS = YES;
				INFOPLIST_FILE = "League ESports/Info.plist";
				IPHONEOS_DEPLOYMENT_TARGET = 14.0;
				LD_RUNPATH_SEARCH_PATHS = (
					"$(inherited)",
					"@executable_path/Frameworks",
				);
				PRODUCT_BUNDLE_IDENTIFIER = "Enzo.League-ESports";
				PRODUCT_NAME = "$(TARGET_NAME)";
				SWIFT_VERSION = 5.0;
				TARGETED_DEVICE_FAMILY = "1,2";
			};
			name = Debug;
		};
		F5660511259D617E00D15D6B /* Release */ = {
			isa = XCBuildConfiguration;
			buildSettings = {
				ASSETCATALOG_COMPILER_APPICON_NAME = AppIcon;
				ASSETCATALOG_COMPILER_GLOBAL_ACCENT_COLOR_NAME = AccentColor;
				CODE_SIGN_STYLE = Automatic;
				DEVELOPMENT_ASSET_PATHS = "\"League ESports/Preview Content\"";
				ENABLE_PREVIEWS = YES;
				INFOPLIST_FILE = "League ESports/Info.plist";
				IPHONEOS_DEPLOYMENT_TARGET = 14.0;
				LD_RUNPATH_SEARCH_PATHS = (
					"$(inherited)",
					"@executable_path/Frameworks",
				);
				PRODUCT_BUNDLE_IDENTIFIER = "Enzo.League-ESports";
				PRODUCT_NAME = "$(TARGET_NAME)";
				SWIFT_VERSION = 5.0;
				TARGETED_DEVICE_FAMILY = "1,2";
			};
			name = Release;
		};
		F5660513259D617E00D15D6B /* Debug */ = {
			isa = XCBuildConfiguration;
			buildSettings = {
				ALWAYS_EMBED_SWIFT_STANDARD_LIBRARIES = YES;
				BUNDLE_LOADER = "$(TEST_HOST)";
				CODE_SIGN_STYLE = Automatic;
				INFOPLIST_FILE = "League ESportsTests/Info.plist";
				IPHONEOS_DEPLOYMENT_TARGET = 14.0;
				LD_RUNPATH_SEARCH_PATHS = (
					"$(inherited)",
					"@executable_path/Frameworks",
					"@loader_path/Frameworks",
				);
				PRODUCT_BUNDLE_IDENTIFIER = "Enzo.League-ESportsTests";
				PRODUCT_NAME = "$(TARGET_NAME)";
				SWIFT_VERSION = 5.0;
				TARGETED_DEVICE_FAMILY = "1,2";
				TEST_HOST = "$(BUILT_PRODUCTS_DIR)/League ESports.app/League ESports";
			};
			name = Debug;
		};
		F5660514259D617E00D15D6B /* Release */ = {
			isa = XCBuildConfiguration;
			buildSettings = {
				ALWAYS_EMBED_SWIFT_STANDARD_LIBRARIES = YES;
				BUNDLE_LOADER = "$(TEST_HOST)";
				CODE_SIGN_STYLE = Automatic;
				INFOPLIST_FILE = "League ESportsTests/Info.plist";
				IPHONEOS_DEPLOYMENT_TARGET = 14.0;
				LD_RUNPATH_SEARCH_PATHS = (
					"$(inherited)",
					"@executable_path/Frameworks",
					"@loader_path/Frameworks",
				);
				PRODUCT_BUNDLE_IDENTIFIER = "Enzo.League-ESportsTests";
				PRODUCT_NAME = "$(TARGET_NAME)";
				SWIFT_VERSION = 5.0;
				TARGETED_DEVICE_FAMILY = "1,2";
				TEST_HOST = "$(BUILT_PRODUCTS_DIR)/League ESports.app/League ESports";
			};
			name = Release;
		};
		F5660516259D617E00D15D6B /* Debug */ = {
			isa = XCBuildConfiguration;
			buildSettings = {
				ALWAYS_EMBED_SWIFT_STANDARD_LIBRARIES = YES;
				CODE_SIGN_STYLE = Automatic;
				INFOPLIST_FILE = "League ESportsUITests/Info.plist";
				LD_RUNPATH_SEARCH_PATHS = (
					"$(inherited)",
					"@executable_path/Frameworks",
					"@loader_path/Frameworks",
				);
				PRODUCT_BUNDLE_IDENTIFIER = "Enzo.League-ESportsUITests";
				PRODUCT_NAME = "$(TARGET_NAME)";
				SWIFT_VERSION = 5.0;
				TARGETED_DEVICE_FAMILY = "1,2";
				TEST_TARGET_NAME = "League ESports";
			};
			name = Debug;
		};
		F5660517259D617E00D15D6B /* Release */ = {
			isa = XCBuildConfiguration;
			buildSettings = {
				ALWAYS_EMBED_SWIFT_STANDARD_LIBRARIES = YES;
				CODE_SIGN_STYLE = Automatic;
				INFOPLIST_FILE = "League ESportsUITests/Info.plist";
				LD_RUNPATH_SEARCH_PATHS = (
					"$(inherited)",
					"@executable_path/Frameworks",
					"@loader_path/Frameworks",
				);
				PRODUCT_BUNDLE_IDENTIFIER = "Enzo.League-ESportsUITests";
				PRODUCT_NAME = "$(TARGET_NAME)";
				SWIFT_VERSION = 5.0;
				TARGETED_DEVICE_FAMILY = "1,2";
				TEST_TARGET_NAME = "League ESports";
			};
			name = Release;
		};
/* End XCBuildConfiguration section */

/* Begin XCConfigurationList section */
		F56604E5259D617B00D15D6B /* Build configuration list for PBXProject "League ESports" */ = {
			isa = XCConfigurationList;
			buildConfigurations = (
				F566050D259D617E00D15D6B /* Debug */,
				F566050E259D617E00D15D6B /* Release */,
			);
			defaultConfigurationIsVisible = 0;
			defaultConfigurationName = Release;
		};
		F566050F259D617E00D15D6B /* Build configuration list for PBXNativeTarget "League ESports" */ = {
			isa = XCConfigurationList;
			buildConfigurations = (
				F5660510259D617E00D15D6B /* Debug */,
				F5660511259D617E00D15D6B /* Release */,
			);
			defaultConfigurationIsVisible = 0;
			defaultConfigurationName = Release;
		};
		F5660512259D617E00D15D6B /* Build configuration list for PBXNativeTarget "League ESportsTests" */ = {
			isa = XCConfigurationList;
			buildConfigurations = (
				F5660513259D617E00D15D6B /* Debug */,
				F5660514259D617E00D15D6B /* Release */,
			);
			defaultConfigurationIsVisible = 0;
			defaultConfigurationName = Release;
		};
		F5660515259D617E00D15D6B /* Build configuration list for PBXNativeTarget "League ESportsUITests" */ = {
			isa = XCConfigurationList;
			buildConfigurations = (
				F5660516259D617E00D15D6B /* Debug */,
				F5660517259D617E00D15D6B /* Release */,
			);
			defaultConfigurationIsVisible = 0;
			defaultConfigurationName = Release;
		};
/* End XCConfigurationList section */
	};
	rootObject = F56604E2259D617B00D15D6B /* Project object */;
}
